{
  "name": "agentgit",
  "version": "0.1.0",
  "lockfileVersion": 3,
  "requires": true,
  "packages": {
    "": {
      "name": "agentgit",
      "version": "0.1.0",
      "license": "MIT",
      "workspaces": [
        "packages/core",
        "packages/board",
        "packages/app",
        "packages/cli",
        "packages/mcp",
        "packages/daemon"
      ],
      "devDependencies": {
        "@types/node": "^22.10.2",
        "typescript": "^5.7.2"
      },
      "engines": {
        "node": ">=22.19"
      }
    },
    "node_modules/@agentgit/app": {
      "resolved": "packages/app",
      "link": true
    },
    "node_modules/@agentgit/board": {
      "resolved": "packages/board",
      "link": true
    },
    "node_modules/@agentgit/cli": {
      "resolved": "packages/cli",
      "link": true
    },
    "node_modules/@agentgit/core": {
      "resolved": "packages/core",
      "link": true
    },
    "node_modules/@agentgit/daemon": {
      "resolved": "packages/daemon",
      "link": true
    },
    "node_modules/@agentgit/mcp": {
      "resolved": "packages/mcp",
      "link": true
    },
    "node_modules/@types/node": {
      "version": "22.20.4",
      "resolved": "https://registry.npmmirror.com/@types/node/-/node-22.20.4.tgz",
      "integrity": "sha512-zJRE40jpHtKqE/C4fgHrAKQLJuSpzEnP9ff9Y7YtoR3Wd2pwqzlekDeEuUQXjRd+QCYnVnNwuJYmhdk9XV8gvA==",
      "dev": true,
      "license": "MIT",
      "dependencies": {
        "undici-types": "~6.21.0"
      }
    },
    "node_modules/typescript": {
      "version": "5.9.3",
      "resolved": "https://registry.npmmirror.com/typescript/-/typescript-5.9.3.tgz",
      "integrity": "sha512-jl1vZzPDinLr9eUt3J/t7V6FgNEw9QjvBPdysz9KfQDD41fQrC2Y4vKQdiaUpFT4bXlb1RHhLpp8wtm6M5TgSw==",
      "dev": true,
      "license": "Apache-2.0",
      "bin": {
        "tsc": "bin/tsc",
        "tsserver": "bin/tsserver"
      },
      "engines": {
        "node": ">=14.17"
      }
    },
    "node_modules/undici-types": {
      "version": "6.21.0",
      "resolved": "https://registry.npmmirror.com/undici-types/-/undici-types-6.21.0.tgz",
      "integrity": "sha512-iwDZqg0QAGrg9Rav5H4n0M64c3mkR59cJ6wQp+7C4nI0gsmExaedaYLNO44eT4AtBBwjbTiGPMlt2Md0T9H9JQ==",
      "dev": true,
      "license": "MIT"
    },
    "packages/app": {
      "name": "@agentgit/app",
      "version": "0.1.0",
      "license": "MIT",
      "engines": {
        "node": ">=22.19"
      }
    },
    "packages/board": {
      "name": "@agentgit/board",
      "version": "0.1.0",
      "license": "MIT",
      "dependencies": {
        "@agentgit/core": "0.1.0"
      },
      "engines": {
        "node": ">=22.19"
      }
    },
    "packages/cli": {
      "name": "@agentgit/cli",
      "version": "0.1.0",
      "license": "MIT",
      "dependencies": {
        "@agentgit/board": "0.1.0",
        "@agentgit/core": "0.1.0"
      },
      "bin": {
        "agentgit": "src/main.ts"
      },
      "engines": {
        "node": ">=22.19"
      }
    },
    "packages/core": {
      "name": "@agentgit/core",
      "version": "0.1.0",
      "license": "MIT",
      "engines": {
        "node": ">=22.19"
      }
    },
    "packages/daemon": {
      "name": "@agentgit/daemon",
      "version": "0.1.0",
      "license": "MIT",
      "dependencies": {
        "@agentgit/board": "0.1.0",
        "@agentgit/core": "0.1.0"
      },
      "bin": {
        "agentgit-daemon": "src/main.ts"
      },
      "engines": {
        "node": ">=22.19"
      }
    },
    "packages/mcp": {
      "name": "@agentgit/mcp",
      "version": "0.1.0",
      "license": "MIT",
      "dependencies": {
        "@agentgit/app": "0.1.0",
        "@agentgit/board": "0.1.0",
        "@agentgit/core": "0.1.0"
      },
      "bin": {
        "agentgit-mcp": "src/main.ts"
      },
      "engines": {
        "node": ">=22.19"
      }
    }
  }
}
